
Microsoft Visual Studio Solution File, Format Version 12.00
# Visual Studio 15
VisualStudioVersion = 15.0.27130.2027
MinimumVisualStudioVersion = 10.0.40219.1
Project("{FAE04EC0-301F-11D3-BF4B-00C04F79EFBC}") = "SharpMonoInjector", "SharpMonoInjector\SharpMonoInjector.csproj", "{03F4B144-A495-4313-A7E4-2B611A5718C6}"
EndProject
Project("{FAE04EC0-301F-11D3-BF4B-00C04F79EFBC}") = "ExampleAssembly", "ExampleAssembly\ExampleAssembly.csproj", "{251A7FF8-4D39-4F8B-9838-61124BF62F99}"
EndProject
Global
	GlobalSection(SolutionConfigurationPlatforms) = preSolution
		Debug|Any CPU = Debug|Any CPU
		Debug|x64 = Debug|x64
		Debug|x86 = Debug|x86
		Release|Any CPU = Release|Any CPU
		Release|x64 = Release|x64
		Release|x86 = Release|x86
	EndGlobalSection
	GlobalSection(ProjectConfigurationPlatforms) = postSolution
		{03F4B144-A495-4313-A7E4-2B611A5718C6}.Debug|Any CPU.ActiveCfg = Debug|Any CPU
		{03F4B144-A495-4313-A7E4-2B611A5718C6}.Debug|Any CPU.Build.0 = Debug|Any CPU
		{03F4B144-A495-4313-A7E4-2B611A5718C6}.Debug|x64.ActiveCfg = Debug|x64
		{03F4B144-A495-4313-A7E4-2B611A5718C6}.Debug|x64.Build.0 = Debug|x64
		{03F4B144-A495-4313-A7E4-2B611A5718C6}.Debug|x86.ActiveCfg = Debug|x86
		{03F4B144-A495-4313-A7E4-2B611A5718C6}.Debug|x86.Build.0 = Debug|x86
		{03F4B144-A495-4313-A7E4-2B611A5718C6}.Release|Any CPU.ActiveCfg = Release|Any CPU
		{03F4B144-A495-4313-A7E4-2B611A5718C6}.Release|Any CPU.Build.0 = Release|Any CPU
		{03F4B144-A495-4313-A7E4-2B611A5718C6}.Release|x64.ActiveCfg = Release|x64
		{03F4B144-A495-4313-A7E4-2B611A5718C6}.Release|x64.Build.0 = Release|x64
		{03F4B144-A495-4313-A7E4-2B611A5718C6}.Release|x86.ActiveCfg = Release|x86
		{03F4B144-A495-4313-A7E4-2B611A5718C6}.Release|x86.Build.0 = Release|x86
		{251A7FF8-4D39-4F8B-9838-61124BF62F99}.Debug|Any CPU.ActiveCfg = Debug|Any CPU
		{251A7FF8-4D39-4F8B-9838-61124BF62F99}.Debug|Any CPU.Build.0 = Debug|Any CPU
		{251A7FF8-4D39-4F8B-9838-61124BF62F99}.Debug|x64.ActiveCfg = Debug|x64
		{251A7FF8-4D39-4F8B-9838-61124BF62F99}.Debug|x64.Build.0 = Debug|x64
		{251A7FF8-4D39-4F8B-9838-61124BF62F99}.Debug|x86.ActiveCfg = Debug|Any CPU
		{251A7FF8-4D39-4F8B-9838-61124BF62F99}.Debug|x86.Build.0 = Debug|Any CPU
		{251A7FF8-4D39-4F8B-9838-61124BF62F99}.Release|Any CPU.ActiveCfg = Release|Any CPU
		{251A7FF8-4D39-4F8B-9838-61124BF62F99}.Release|Any CPU.Build.0 = Release|Any CPU
		{251A7FF8-4D39-4F8B-9838-61124BF62F99}.Release|x64.ActiveCfg = Release|x64
		{251A7FF8-4D39-4F8B-9838-61124BF62F99}.Release|x64.Build.0 = Release|x64
		{251A7FF8-4D39-4F8B-9838-61124BF62F99}.Release|x86.ActiveCfg = Release|Any CPU
		{251A7FF8-4D39-4F8B-9838-61124BF62F99}.Release|x86.Build.0 = Release|Any CPU
	EndGlobalSection
	GlobalSection(SolutionProperties) = preSolution
		HideSolutionNode = FALSE
	EndGlobalSection
	GlobalSection(ExtensibilityGlobals) = postSolution
		SolutionGuid = {CA90DDAC-6FCC-44B2-9B9B-F96654D07613}
	EndGlobalSection
EndGlobal
