
Microsoft Visual Studio Solution File, Format Version 12.00
# Visual Studio 15
VisualStudioVersion = 15.0.27130.2027
MinimumVisualStudioVersion = 10.0.40219.1
Project("{FAE04EC0-301F-11D3-BF4B-00C04F79EFBC}") = "ExampleAssembly", "ExampleAssembly\ExampleAssembly.csproj", "{251A7FF8-4D39-4F8B-9838-61124BF62F99}"
EndProject
Project("{FAE04EC0-301F-11D3-BF4B-00C04F79EFBC}") = "SharpMonoInjector", "SharpMonoInjector\SharpMonoInjector.csproj", "{9A2F2E9F-D314-4B7A-BA8D-8522BB91A114}"
EndProject
Project("{FAE04EC0-301F-11D3-BF4B-00C04F79EFBC}") = "SharpMonoInjector.Console", "SharpMonoInjector.Console\SharpMonoInjector.Console.csproj", "{E677DE19-10C7-4981-BC7A-F49AE07E3391}"
EndProject
Global
	GlobalSection(SolutionConfigurationPlatforms) = preSolution
		Debug|Any CPU = Debug|Any CPU
		Release|Any CPU = Release|Any CPU
	EndGlobalSection
	GlobalSection(ProjectConfigurationPlatforms) = postSolution
		{251A7FF8-4D39-4F8B-9838-61124BF62F99}.Debug|Any CPU.ActiveCfg = Debug|Any CPU
		{251A7FF8-4D39-4F8B-9838-61124BF62F99}.Debug|Any CPU.Build.0 = Debug|Any CPU
		{251A7FF8-4D39-4F8B-9838-61124BF62F99}.Release|Any CPU.ActiveCfg = Release|Any CPU
		{251A7FF8-4D39-4F8B-9838-61124BF62F99}.Release|Any CPU.Build.0 = Release|Any CPU
		{9A2F2E9F-D314-4B7A-BA8D-8522BB91A114}.Debug|Any CPU.ActiveCfg = Debug|Any CPU
		{9A2F2E9F-D314-4B7A-BA8D-8522BB91A114}.Debug|Any CPU.Build.0 = Debug|Any CPU
		{9A2F2E9F-D314-4B7A-BA8D-8522BB91A114}.Release|Any CPU.ActiveCfg = Release|Any CPU
		{9A2F2E9F-D314-4B7A-BA8D-8522BB91A114}.Release|Any CPU.Build.0 = Release|Any CPU
		{E677DE19-10C7-4981-BC7A-F49AE07E3391}.Debug|Any CPU.ActiveCfg = Debug|Any CPU
		{E677DE19-10C7-4981-BC7A-F49AE07E3391}.Debug|Any CPU.Build.0 = Debug|Any CPU
		{E677DE19-10C7-4981-BC7A-F49AE07E3391}.Release|Any CPU.ActiveCfg = Release|Any CPU
		{E677DE19-10C7-4981-BC7A-F49AE07E3391}.Release|Any CPU.Build.0 = Release|Any CPU
	EndGlobalSection
	GlobalSection(SolutionProperties) = preSolution
		HideSolutionNode = FALSE
	EndGlobalSection
	GlobalSection(ExtensibilityGlobals) = postSolution
		SolutionGuid = {CA90DDAC-6FCC-44B2-9B9B-F96654D07613}
	EndGlobalSection
EndGlobal
